// !$*UTF8*$!
{
	archiveVersion = 1;
	classes = {
	};
	objectVersion = 55;
	objects = {

/* Begin PBXBuildFile section */
		F44521D92746CF7C00FEA50B /* OpenSansCondensed-Light.ttf in Resources */ = {isa = PBXBuildFile; fileRef = F44521D62746CF7B00FEA50B /* OpenSansCondensed-Light.ttf */; };
		F44521DA2746CF7C00FEA50B /* OpenSansCondensed-Bold.ttf in Resources */ = {isa = PBXBuildFile; fileRef = F44521D72746CF7C00FEA50B /* OpenSansCondensed-Bold.ttf */; };
		F44521DB2746CF7C00FEA50B /* OpenSansCondensed-LightItalic.ttf in Resources */ = {isa = PBXBuildFile; fileRef = F44521D82746CF7C00FEA50B /* OpenSansCondensed-LightItalic.ttf */; };
		F44521E42746D22300FEA50B /* String+Localization.swift in Sources */ = {isa = PBXBuildFile; fileRef = F44521E32746D22300FEA50B /* String+Localization.swift */; };
		F45A8AA0273AE4CA0000A2CC /* Common.h in Headers */ = {isa = PBXBuildFile; fileRef = F45A8A9F273AE4CA0000A2CC /* Common.h */; settings = {ATTRIBUTES = (Public, ); }; };
		F45A8AA7273AE66E0000A2CC /* Hello.swift in Sources */ = {isa = PBXBuildFile; fileRef = F45A8AA6273AE66E0000A2CC /* Hello.swift */; };
		F45A8AE9273AEE1B0000A2CC /* Assets.xcassets in Resources */ = {isa = PBXBuildFile; fileRef = F45A8AE8273AEE1B0000A2CC /* Assets.xcassets */; };
		FE89E5DEB66A30C33CC57908 /* Pods_Common.framework in Frameworks */ = {isa = PBXBuildFile; fileRef = 5F064ED3F7D0BD36A336F428 /* Pods_Common.framework */; };
/* End PBXBuildFile section */

/* Begin PBXFileReference section */
		5F064ED3F7D0BD36A336F428 /* Pods_Common.framework */ = {isa = PBXFileReference; explicitFileType = wrapper.framework; includeInIndex = 0; path = Pods_Common.framework; sourceTree = BUILT_PRODUCTS_DIR; };
		7AF19C3B4ED360D2296BF0FD /* Pods-Common.debug.xcconfig */ = {isa = PBXFileReference; includeInIndex = 1; lastKnownFileType = text.xcconfig; name = "Pods-Common.debug.xcconfig"; path = "Target Support Files/Pods-Common/Pods-Common.debug.xcconfig"; sourceTree = "<group>"; };
		ECCBEBF3EF970CC12F4C4F3D /* Pods-Common.release.xcconfig */ = {isa = PBXFileReference; includeInIndex = 1; lastKnownFileType = text.xcconfig; name = "Pods-Common.release.xcconfig"; path = "Target Support Files/Pods-Common/Pods-Common.release.xcconfig"; sourceTree = "<group>"; };
		F44521D62746CF7B00FEA50B /* OpenSansCondensed-Light.ttf */ = {isa = PBXFileReference; lastKnownFileType = file; path = "OpenSansCondensed-Light.ttf"; sourceTree = "<group>"; };
		F44521D72746CF7C00FEA50B /* OpenSansCondensed-Bold.ttf */ = {isa = PBXFileReference; lastKnownFileType = file; path = "OpenSansCondensed-Bold.ttf"; sourceTree = "<group>"; };
		F44521D82746CF7C00FEA50B /* OpenSansCondensed-LightItalic.ttf */ = {isa = PBXFileReference; lastKnownFileType = file; path = "OpenSansCondensed-LightItalic.ttf"; sourceTree = "<group>"; };
		F44521E32746D22300FEA50B /* String+Localization.swift */ = {isa = PBXFileReference; lastKnownFileType = sourcecode.swift; path = "String+Localization.swift"; sourceTree = "<group>"; };
		F45A8A9C273AE4CA0000A2CC /* Common.framework */ = {isa = PBXFileReference; explicitFileType = wrapper.framework; includeInIndex = 0; path = Common.framework; sourceTree = BUILT_PRODUCTS_DIR; };
		F45A8A9F273AE4CA0000A2CC /* Common.h */ = {isa = PBXFileReference; lastKnownFileType = sourcecode.c.h; path = Common.h; sourceTree = "<group>"; };
		F45A8AA6273AE66E0000A2CC /* Hello.swift */ = {isa = PBXFileReference; lastKnownFileType = sourcecode.swift; path = Hello.swift; sourceTree = "<group>"; };
		F45A8AE8273AEE1B0000A2CC /* Assets.xcassets */ = {isa = PBXFileReference; lastKnownFileType = folder.assetcatalog; path = Assets.xcassets; sourceTree = "<group>"; };
/* End PBXFileReference section */

/* Begin PBXFrameworksBuildPhase section */
		F45A8A99273AE4CA0000A2CC /* Frameworks */ = {
			isa = PBXFrameworksBuildPhase;
			buildActionMask = 2147483647;
			files = (
				FE89E5DEB66A30C33CC57908 /* Pods_Common.framework in Frameworks */,
			);
			runOnlyForDeploymentPostprocessing = 0;
		};
/* End PBXFrameworksBuildPhase section */

/* Begin PBXGroup section */
		0437647BCD1F2926CB9412CA /* Pods */ = {
			isa = PBXGroup;
			children = (
				7AF19C3B4ED360D2296BF0FD /* Pods-Common.debug.xcconfig */,
				ECCBEBF3EF970CC12F4C4F3D /* Pods-Common.release.xcconfig */,
			);
			name = Pods;
			path = ../App/Pods;
			sourceTree = "<group>";
		};
		2DAB84C2A661BE98F1F7995D /* Frameworks */ = {
			isa = PBXGroup;
			children = (
				5F064ED3F7D0BD36A336F428 /* Pods_Common.framework */,
			);
			name = Frameworks;
			sourceTree = "<group>";
		};
		F44521D52746CF1500FEA50B /* Font */ = {
			isa = PBXGroup;
			children = (
				F44521D72746CF7C00FEA50B /* OpenSansCondensed-Bold.ttf */,
				F44521D62746CF7B00FEA50B /* OpenSansCondensed-Light.ttf */,
				F44521D82746CF7C00FEA50B /* OpenSansCondensed-LightItalic.ttf */,
			);
			path = Font;
			sourceTree = "<group>";
		};
		F45A8A92273AE4CA0000A2CC = {
			isa = PBXGroup;
			children = (
				F44521D52746CF1500FEA50B /* Font */,
				F45A8A9E273AE4CA0000A2CC /* Common */,
				F45A8A9D273AE4CA0000A2CC /* Products */,
				0437647BCD1F2926CB9412CA /* Pods */,
				2DAB84C2A661BE98F1F7995D /* Frameworks */,
			);
			sourceTree = "<group>";
		};
		F45A8A9D273AE4CA0000A2CC /* Products */ = {
			isa = PBXGroup;
			children = (
				F45A8A9C273AE4CA0000A2CC /* Common.framework */,
			);
			name = Products;
			sourceTree = "<group>";
		};
		F45A8A9E273AE4CA0000A2CC /* Common */ = {
			isa = PBXGroup;
			children = (
				F45A8AE8273AEE1B0000A2CC /* Assets.xcassets */,
				F45A8AA6273AE66E0000A2CC /* Hello.swift */,
				F45A8A9F273AE4CA0000A2CC /* Common.h */,
				F44521E32746D22300FEA50B /* String+Localization.swift */,
			);
			path = Common;
			sourceTree = "<group>";
		};
/* End PBXGroup section */

/* Begin PBXHeadersBuildPhase section */
		F45A8A97273AE4CA0000A2CC /* Headers */ = {
			isa = PBXHeadersBuildPhase;
			buildActionMask = 2147483647;
			files = (
				F45A8AA0273AE4CA0000A2CC /* Common.h in Headers */,
			);
			runOnlyForDeploymentPostprocessing = 0;
		};
/* End PBXHeadersBuildPhase section */

/* Begin PBXNativeTarget section */
		F45A8A9B273AE4CA0000A2CC /* Common */ = {
			isa = PBXNativeTarget;
			buildConfigurationList = F45A8AA3273AE4CA0000A2CC /* Build configuration list for PBXNativeTarget "Common" */;
			buildPhases = (
				7E0BC492B360F2DBA04F10A1 /* [CP] Check Pods Manifest.lock */,
				F45A8A97273AE4CA0000A2CC /* Headers */,
				F45A8A98273AE4CA0000A2CC /* Sources */,
				F45A8A99273AE4CA0000A2CC /* Frameworks */,
				F45A8A9A273AE4CA0000A2CC /* Resources */,
			);
			buildRules = (
			);
			dependencies = (
			);
			name = Common;
			productName = Common;
			productReference = F45A8A9C273AE4CA0000A2CC /* Common.framework */;
			productType = "com.apple.product-type.framework";
		};
/* End PBXNativeTarget section */

/* Begin PBXProject section */
		F45A8A93273AE4CA0000A2CC /* Project object */ = {
			isa = PBXProject;
			attributes = {
				BuildIndependentTargetsInParallel = 1;
				LastUpgradeCheck = 1310;
				TargetAttributes = {
					F45A8A9B273AE4CA0000A2CC = {
						CreatedOnToolsVersion = 13.0;
						LastSwiftMigration = 1300;
					};
				};
			};
			buildConfigurationList = F45A8A96273AE4CA0000A2CC /* Build configuration list for PBXProject "Common" */;
			compatibilityVersion = "Xcode 13.0";
			developmentRegion = en;
			hasScannedForEncodings = 0;
			knownRegions = (
				en,
				Base,
			);
			mainGroup = F45A8A92273AE4CA0000A2CC;
			productRefGroup = F45A8A9D273AE4CA0000A2CC /* Products */;
			projectDirPath = "";
			projectRoot = "";
			targets = (
				F45A8A9B273AE4CA0000A2CC /* Common */,
			);
		};
/* End PBXProject section */

/* Begin PBXResourcesBuildPhase section */
		F45A8A9A273AE4CA0000A2CC /* Resources */ = {
			isa = PBXResourcesBuildPhase;
			buildActionMask = 2147483647;
			files = (
				F44521D92746CF7C00FEA50B /* OpenSansCondensed-Light.ttf in Resources */,
				F45A8AE9273AEE1B0000A2CC /* Assets.xcassets in Resources */,
				F44521DB2746CF7C00FEA50B /* OpenSansCondensed-LightItalic.ttf in Resources */,
				F44521DA2746CF7C00FEA50B /* OpenSansCondensed-Bold.ttf in Resources */,
			);
			runOnlyForDeploymentPostprocessing = 0;
		};
/* End PBXResourcesBuildPhase section */

/* Begin PBXShellScriptBuildPhase section */
		7E0BC492B360F2DBA04F10A1 /* [CP] Check Pods Manifest.lock */ = {
			isa = PBXShellScriptBuildPhase;
			buildActionMask = 2147483647;
			files = (
			);
			inputFileListPaths = (
			);
			inputPaths = (
				"${PODS_PODFILE_DIR_PATH}/Podfile.lock",
				"${PODS_ROOT}/Manifest.lock",
			);
			name = "[CP] Check Pods Manifest.lock";
			outputFileListPaths = (
			);
			outputPaths = (
				"$(DERIVED_FILE_DIR)/Pods-Common-checkManifestLockResult.txt",
			);
			runOnlyForDeploymentPostprocessing = 0;
			shellPath = /bin/sh;
			shellScript = "diff \"${PODS_PODFILE_DIR_PATH}/Podfile.lock\" \"${PODS_ROOT}/Manifest.lock\" > /dev/null\nif [ $? != 0 ] ; then\n    # print error to STDERR\n    echo \"error: The sandbox is not in sync with the Podfile.lock. Run 'pod install' or update your CocoaPods installation.\" >&2\n    exit 1\nfi\n# This output is used by Xcode 'outputs' to avoid re-running this script phase.\necho \"SUCCESS\" > \"${SCRIPT_OUTPUT_FILE_0}\"\n";
			showEnvVarsInLog = 0;
		};
/* End PBXShellScriptBuildPhase section */

/* Begin PBXSourcesBuildPhase section */
		F45A8A98273AE4CA0000A2CC /* Sources */ = {
			isa = PBXSourcesBuildPhase;
			buildActionMask = 2147483647;
			files = (
				F45A8AA7273AE66E0000A2CC /* Hello.swift in Sources */,
				F44521E42746D22300FEA50B /* String+Localization.swift in Sources */,
			);
			runOnlyForDeploymentPostprocessing = 0;
		};
/* End PBXSourcesBuildPhase section */

/* Begin XCBuildConfiguration section */
		F45A8AA1273AE4CA0000A2CC /* Debug */ = {
			isa = XCBuildConfiguration;
			buildSettings = {
				ALWAYS_SEARCH_USER_PATHS = NO;
				CLANG_ANALYZER_NONNULL = YES;
				CLANG_ANALYZER_NUMBER_OBJECT_CONVERSION = YES_AGGRESSIVE;
				CLANG_CXX_LANGUAGE_STANDARD = "gnu++17";
				CLANG_CXX_LIBRARY = "libc++";
				CLANG_ENABLE_MODULES = YES;
				CLANG_ENABLE_OBJC_ARC = YES;
				CLANG_ENABLE_OBJC_WEAK = YES;
				CLANG_WARN_BLOCK_CAPTURE_AUTORELEASING = YES;
				CLANG_WARN_BOOL_CONVERSION = YES;
				CLANG_WARN_COMMA = YES;
				CLANG_WARN_CONSTANT_CONVERSION = YES;
				CLANG_WARN_DEPRECATED_OBJC_IMPLEMENTATIONS = YES;
				CLANG_WARN_DIRECT_OBJC_ISA_USAGE = YES_ERROR;
				CLANG_WARN_DOCUMENTATION_COMMENTS = YES;
				CLANG_WARN_EMPTY_BODY = YES;
				CLANG_WARN_ENUM_CONVERSION = YES;
				CLANG_WARN_INFINITE_RECURSION = YES;
				CLANG_WARN_INT_CONVERSION = YES;
				CLANG_WARN_NON_LITERAL_NULL_CONVERSION = YES;
				CLANG_WARN_OBJC_IMPLICIT_RETAIN_SELF = YES;
				CLANG_WARN_OBJC_LITERAL_CONVERSION = YES;
				CLANG_WARN_OBJC_ROOT_CLASS = YES_ERROR;
				CLANG_WARN_QUOTED_INCLUDE_IN_FRAMEWORK_HEADER = YES;
				CLANG_WARN_RANGE_LOOP_ANALYSIS = YES;
				CLANG_WARN_STRICT_PROTOTYPES = YES;
				CLANG_WARN_SUSPICIOUS_MOVE = YES;
				CLANG_WARN_UNGUARDED_AVAILABILITY = YES_AGGRESSIVE;
				CLANG_WARN_UNREACHABLE_CODE = YES;
				CLANG_WARN__DUPLICATE_METHOD_MATCH = YES;
				COPY_PHASE_STRIP = NO;
				CURRENT_PROJECT_VERSION = 1;
				DEBUG_INFORMATION_FORMAT = dwarf;
				ENABLE_STRICT_OBJC_MSGSEND = YES;
				ENABLE_TESTABILITY = YES;
				GCC_C_LANGUAGE_STANDARD = gnu11;
				GCC_DYNAMIC_NO_PIC = NO;
				GCC_NO_COMMON_BLOCKS = YES;
				GCC_OPTIMIZATION_LEVEL = 0;
				GCC_PREPROCESSOR_DEFINITIONS = (
					"DEBUG=1",
					"$(inherited)",
				);
				GCC_WARN_64_TO_32_BIT_CONVERSION = YES;
				GCC_WARN_ABOUT_RETURN_TYPE = YES_ERROR;
				GCC_WARN_UNDECLARED_SELECTOR = YES;
				GCC_WARN_UNINITIALIZED_AUTOS = YES_AGGRESSIVE;
				GCC_WARN_UNUSED_FUNCTION = YES;
				GCC_WARN_UNUSED_VARIABLE = YES;
				IPHONEOS_DEPLOYMENT_TARGET = 14.0;
				MTL_ENABLE_DEBUG_INFO = INCLUDE_SOURCE;
				MTL_FAST_MATH = YES;
				ONLY_ACTIVE_ARCH = YES;
				SDKROOT = iphoneos;
				SWIFT_ACTIVE_COMPILATION_CONDITIONS = DEBUG;
				SWIFT_OPTIMIZATION_LEVEL = "-Onone";
				VERSIONING_SYSTEM = "apple-generic";
				VERSION_INFO_PREFIX = "";
			};
			name = Debug;
		};
		F45A8AA2273AE4CA0000A2CC /* Release */ = {
			isa = XCBuildConfiguration;
			buildSettings = {
				ALWAYS_SEARCH_USER_PATHS = NO;
				CLANG_ANALYZER_NONNULL = YES;
				CLANG_ANALYZER_NUMBER_OBJECT_CONVERSION = YES_AGGRESSIVE;
				CLANG_CXX_LANGUAGE_STANDARD = "gnu++17";
				CLANG_CXX_LIBRARY = "libc++";
				CLANG_ENABLE_MODULES = YES;
				CLANG_ENABLE_OBJC_ARC = YES;
				CLANG_ENABLE_OBJC_WEAK = YES;
				CLANG_WARN_BLOCK_CAPTURE_AUTORELEASING = YES;
				CLANG_WARN_BOOL_CONVERSION = YES;
				CLANG_WARN_COMMA = YES;
				CLANG_WARN_CONSTANT_CONVERSION = YES;
				CLANG_WARN_DEPRECATED_OBJC_IMPLEMENTATIONS = YES;
				CLANG_WARN_DIRECT_OBJC_ISA_USAGE = YES_ERROR;
				CLANG_WARN_DOCUMENTATION_COMMENTS = YES;
				CLANG_WARN_EMPTY_BODY = YES;
				CLANG_WARN_ENUM_CONVERSION = YES;
				CLANG_WARN_INFINITE_RECURSION = YES;
				CLANG_WARN_INT_CONVERSION = YES;
				CLANG_WARN_NON_LITERAL_NULL_CONVERSION = YES;
				CLANG_WARN_OBJC_IMPLICIT_RETAIN_SELF = YES;
				CLANG_WARN_OBJC_LITERAL_CONVERSION = YES;
				CLANG_WARN_OBJC_ROOT_CLASS = YES_ERROR;
				CLANG_WARN_QUOTED_INCLUDE_IN_FRAMEWORK_HEADER = YES;
				CLANG_WARN_RANGE_LOOP_ANALYSIS = YES;
				CLANG_WARN_STRICT_PROTOTYPES = YES;
				CLANG_WARN_SUSPICIOUS_MOVE = YES;
				CLANG_WARN_UNGUARDED_AVAILABILITY = YES_AGGRESSIVE;
				CLANG_WARN_UNREACHABLE_CODE = YES;
				CLANG_WARN__DUPLICATE_METHOD_MATCH = YES;
				COPY_PHASE_STRIP = NO;
				CURRENT_PROJECT_VERSION = 1;
				DEBUG_INFORMATION_FORMAT = "dwarf-with-dsym";
				ENABLE_NS_ASSERTIONS = NO;
				ENABLE_STRICT_OBJC_MSGSEND = YES;
				GCC_C_LANGUAGE_STANDARD = gnu11;
				GCC_NO_COMMON_BLOCKS = YES;
				GCC_WARN_64_TO_32_BIT_CONVERSION = YES;
				GCC_WARN_ABOUT_RETURN_TYPE = YES_ERROR;
				GCC_WARN_UNDECLARED_SELECTOR = YES;
				GCC_WARN_UNINITIALIZED_AUTOS = YES_AGGRESSIVE;
				GCC_WARN_UNUSED_FUNCTION = YES;
				GCC_WARN_UNUSED_VARIABLE = YES;
				IPHONEOS_DEPLOYMENT_TARGET = 14.0;
				MTL_ENABLE_DEBUG_INFO = NO;
				MTL_FAST_MATH = YES;
				SDKROOT = iphoneos;
				SWIFT_COMPILATION_MODE = wholemodule;
				SWIFT_OPTIMIZATION_LEVEL = "-O";
				VALIDATE_PRODUCT = YES;
				VERSIONING_SYSTEM = "apple-generic";
				VERSION_INFO_PREFIX = "";
			};
			name = Release;
		};
		F45A8AA4273AE4CA0000A2CC /* Debug */ = {
			isa = XCBuildConfiguration;
			baseConfigurationReference = 7AF19C3B4ED360D2296BF0FD /* Pods-Common.debug.xcconfig */;
			buildSettings = {
				CLANG_ENABLE_MODULES = YES;
				CODE_SIGN_IDENTITY = "";
				CODE_SIGN_STYLE = Automatic;
				CURRENT_PROJECT_VERSION = 1;
				DEFINES_MODULE = YES;
				DEVELOPMENT_TEAM = 78SHMFQ884;
				DYLIB_COMPATIBILITY_VERSION = 1;
				DYLIB_CURRENT_VERSION = 1;
				DYLIB_INSTALL_NAME_BASE = "@rpath";
				GENERATE_INFOPLIST_FILE = YES;
				INFOPLIST_KEY_NSHumanReadableCopyright = "";
				INSTALL_PATH = "$(LOCAL_LIBRARY_DIR)/Frameworks";
				LD_RUNPATH_SEARCH_PATHS = (
					"$(inherited)",
					"@executable_path/Frameworks",
					"@loader_path/Frameworks",
				);
				MARKETING_VERSION = 1.0;
				PRODUCT_BUNDLE_IDENTIFIER = com.iman.latihan.Common;
				PRODUCT_NAME = "$(TARGET_NAME:c99extidentifier)";
				SKIP_INSTALL = YES;
				SWIFT_EMIT_LOC_STRINGS = YES;
				SWIFT_OPTIMIZATION_LEVEL = "-Onone";
				SWIFT_VERSION = 5.0;
				TARGETED_DEVICE_FAMILY = "1,2";
			};
			name = Debug;
		};
		F45A8AA5273AE4CA0000A2CC /* Release */ = {
			isa = XCBuildConfiguration;
			baseConfigurationReference = ECCBEBF3EF970CC12F4C4F3D /* Pods-Common.release.xcconfig */;
			buildSettings = {
				CLANG_ENABLE_MODULES = YES;
				CODE_SIGN_IDENTITY = "";
				CODE_SIGN_STYLE = Automatic;
				CURRENT_PROJECT_VERSION = 1;
				DEFINES_MODULE = YES;
				DEVELOPMENT_TEAM = 78SHMFQ884;
				DYLIB_COMPATIBILITY_VERSION = 1;
				DYLIB_CURRENT_VERSION = 1;
				DYLIB_INSTALL_NAME_BASE = "@rpath";
				GENERATE_INFOPLIST_FILE = YES;
				INFOPLIST_KEY_NSHumanReadableCopyright = "";
				INSTALL_PATH = "$(LOCAL_LIBRARY_DIR)/Frameworks";
				LD_RUNPATH_SEARCH_PATHS = (
					"$(inherited)",
					"@executable_path/Frameworks",
					"@loader_path/Frameworks",
				);
				MARKETING_VERSION = 1.0;
				PRODUCT_BUNDLE_IDENTIFIER = com.iman.latihan.Common;
				PRODUCT_NAME = "$(TARGET_NAME:c99extidentifier)";
				SKIP_INSTALL = YES;
				SWIFT_EMIT_LOC_STRINGS = YES;
				SWIFT_VERSION = 5.0;
				TARGETED_DEVICE_FAMILY = "1,2";
			};
			name = Release;
		};
/* End XCBuildConfiguration section */

/* Begin XCConfigurationList section */
		F45A8A96273AE4CA0000A2CC /* Build configuration list for PBXProject "Common" */ = {
			isa = XCConfigurationList;
			buildConfigurations = (
				F45A8AA1273AE4CA0000A2CC /* Debug */,
				F45A8AA2273AE4CA0000A2CC /* Release */,
			);
			defaultConfigurationIsVisible = 0;
			defaultConfigurationName = Release;
		};
		F45A8AA3273AE4CA0000A2CC /* Build configuration list for PBXNativeTarget "Common" */ = {
			isa = XCConfigurationList;
			buildConfigurations = (
				F45A8AA4273AE4CA0000A2CC /* Debug */,
				F45A8AA5273AE4CA0000A2CC /* Release */,
			);
			defaultConfigurationIsVisible = 0;
			defaultConfigurationName = Release;
		};
/* End XCConfigurationList section */
	};
	rootObject = F45A8A93273AE4CA0000A2CC /* Project object */;
}
